
Microsoft Visual Studio Solution File, Format Version 12.00
# Visual Studio 14
VisualStudioVersion = 14.0.25420.1
MinimumVisualStudioVersion = 10.0.40219.1
Project("{FAE04EC0-301F-11D3-BF4B-00C04F79EFBC}") = "Ex1.6", "Ex1.6\Ex1.6.csproj", "{492B8CEB-AA5A-4423-A5F0-9916C3491C8E}"
EndProject
Global
	GlobalSection(SolutionConfigurationPlatforms) = preSolution
		Debug|Any CPU = Debug|Any CPU
		Release|Any CPU = Release|Any CPU
	EndGlobalSection
	GlobalSection(ProjectConfigurationPlatforms) = postSolution
		{492B8CEB-AA5A-4423-A5F0-9916C3491C8E}.Debug|Any CPU.ActiveCfg = Debug|Any CPU
		{492B8CEB-AA5A-4423-A5F0-9916C3491C8E}.Debug|Any CPU.Build.0 = Debug|Any CPU
		{492B8CEB-AA5A-4423-A5F0-9916C3491C8E}.Release|Any CPU.ActiveCfg = Release|Any CPU
		{492B8CEB-AA5A-4423-A5F0-9916C3491C8E}.Release|Any CPU.Build.0 = Release|Any CPU
	EndGlobalSection
	GlobalSection(SolutionProperties) = preSolution
		HideSolutionNode = FALSE
	EndGlobalSection
EndGlobal
