
Microsoft Visual Studio Solution File, Format Version 12.00
# Visual Studio 14
VisualStudioVersion = 14.0.25420.1
MinimumVisualStudioVersion = 10.0.40219.1
Project("{FAE04EC0-301F-11D3-BF4B-00C04F79EFBC}") = "Ex5.8", "Ex5.8\Ex5.8.csproj", "{36AA6763-CA8D-4BEE-B44E-35AB76DE5097}"
EndProject
Project("{2150E333-8FDC-42A3-9474-1A3956D46DE8}") = "Solution Items", "Solution Items", "{BB80B945-9BD1-4A4B-A5E9-ECE826C56BE5}"
	ProjectSection(SolutionItems) = preProject
		HTMLPage.html = HTMLPage.html
	EndProjectSection
EndProject
Global
	GlobalSection(SolutionConfigurationPlatforms) = preSolution
		Debug|Any CPU = Debug|Any CPU
		Release|Any CPU = Release|Any CPU
	EndGlobalSection
	GlobalSection(ProjectConfigurationPlatforms) = postSolution
		{36AA6763-CA8D-4BEE-B44E-35AB76DE5097}.Debug|Any CPU.ActiveCfg = Debug|Any CPU
		{36AA6763-CA8D-4BEE-B44E-35AB76DE5097}.Debug|Any CPU.Build.0 = Debug|Any CPU
		{36AA6763-CA8D-4BEE-B44E-35AB76DE5097}.Release|Any CPU.ActiveCfg = Release|Any CPU
		{36AA6763-CA8D-4BEE-B44E-35AB76DE5097}.Release|Any CPU.Build.0 = Release|Any CPU
	EndGlobalSection
	GlobalSection(SolutionProperties) = preSolution
		HideSolutionNode = FALSE
	EndGlobalSection
EndGlobal
