
Microsoft Visual Studio Solution File, Format Version 12.00
# Visual Studio 15
VisualStudioVersion = 15.0.26020.0
MinimumVisualStudioVersion = 10.0.40219.1
Project("{FAE04EC0-301F-11D3-BF4B-00C04F79EFBC}") = "Ex4.2", "Ex4.2\Ex4.2.csproj", "{EA374270-36E1-4F25-B462-48B85AFF27DD}"
EndProject
Global
	GlobalSection(SolutionConfigurationPlatforms) = preSolution
		Debug|Any CPU = Debug|Any CPU
		Release|Any CPU = Release|Any CPU
	EndGlobalSection
	GlobalSection(ProjectConfigurationPlatforms) = postSolution
		{EA374270-36E1-4F25-B462-48B85AFF27DD}.Debug|Any CPU.ActiveCfg = Debug|Any CPU
		{EA374270-36E1-4F25-B462-48B85AFF27DD}.Debug|Any CPU.Build.0 = Debug|Any CPU
		{EA374270-36E1-4F25-B462-48B85AFF27DD}.Release|Any CPU.ActiveCfg = Release|Any CPU
		{EA374270-36E1-4F25-B462-48B85AFF27DD}.Release|Any CPU.Build.0 = Release|Any CPU
	EndGlobalSection
	GlobalSection(SolutionProperties) = preSolution
		HideSolutionNode = FALSE
	EndGlobalSection
EndGlobal
